
Microsoft Visual Studio Solution File, Format Version 12.00
# Visual Studio Version 16
VisualStudioVersion = 16.0.30011.22
MinimumVisualStudioVersion = 10.0.40219.1
Project("{9A19103F-16F7-4668-BE54-9A1E7A4F7556}") = "MaokiDurableFunction", "MaokiDurableFunction\MaokiDurableFunction.csproj", "{9BF0926F-E671-4828-A9E9-BC4B2714B6D1}"
EndProject
Project("{FAE04EC0-301F-11D3-BF4B-00C04F79EFBC}") = "XUnitTestProject1", "XUnitTestProject1\XUnitTestProject1.csproj", "{C25EB74E-4DC5-4710-8B13-683996C891F0}"
EndProject
Global
	GlobalSection(SolutionConfigurationPlatforms) = preSolution
		Debug|Any CPU = Debug|Any CPU
		Release|Any CPU = Release|Any CPU
	EndGlobalSection
	GlobalSection(ProjectConfigurationPlatforms) = postSolution
		{9BF0926F-E671-4828-A9E9-BC4B2714B6D1}.Debug|Any CPU.ActiveCfg = Debug|Any CPU
		{9BF0926F-E671-4828-A9E9-BC4B2714B6D1}.Debug|Any CPU.Build.0 = Debug|Any CPU
		{9BF0926F-E671-4828-A9E9-BC4B2714B6D1}.Release|Any CPU.ActiveCfg = Release|Any CPU
		{9BF0926F-E671-4828-A9E9-BC4B2714B6D1}.Release|Any CPU.Build.0 = Release|Any CPU
		{C25EB74E-4DC5-4710-8B13-683996C891F0}.Debug|Any CPU.ActiveCfg = Debug|Any CPU
		{C25EB74E-4DC5-4710-8B13-683996C891F0}.Debug|Any CPU.Build.0 = Debug|Any CPU
		{C25EB74E-4DC5-4710-8B13-683996C891F0}.Release|Any CPU.ActiveCfg = Release|Any CPU
		{C25EB74E-4DC5-4710-8B13-683996C891F0}.Release|Any CPU.Build.0 = Release|Any CPU
	EndGlobalSection
	GlobalSection(SolutionProperties) = preSolution
		HideSolutionNode = FALSE
	EndGlobalSection
	GlobalSection(ExtensibilityGlobals) = postSolution
		SolutionGuid = {EBC81A13-4900-4254-8F33-C5DE071F96BE}
	EndGlobalSection
EndGlobal
